
Microsoft Visual Studio Solution File, Format Version 12.00
# Visual Studio Version 17
VisualStudioVersion = 17.7.34031.279
MinimumVisualStudioVersion = 10.0.40219.1
Project("{FAE04EC0-301F-11D3-BF4B-00C04F79EFBC}") = "SPP", "SPP.csproj", "{6A391753-EE00-48CD-9FAD-486321275594}"
EndProject
Global
	GlobalSection(SolutionConfigurationPlatforms) = preSolution
		Debug|Any CPU = Debug|Any CPU
		Release|Any CPU = Release|Any CPU
	EndGlobalSection
	GlobalSection(ProjectConfigurationPlatforms) = postSolution
		{6A391753-EE00-48CD-9FAD-486321275594}.Debug|Any CPU.ActiveCfg = Debug|Any CPU
		{6A391753-EE00-48CD-9FAD-486321275594}.Debug|Any CPU.Build.0 = Debug|Any CPU
		{6A391753-EE00-48CD-9FAD-486321275594}.Release|Any CPU.ActiveCfg = Release|Any CPU
		{6A391753-EE00-48CD-9FAD-486321275594}.Release|Any CPU.Build.0 = Release|Any CPU
	EndGlobalSection
	GlobalSection(SolutionProperties) = preSolution
		HideSolutionNode = FALSE
	EndGlobalSection
	GlobalSection(ExtensibilityGlobals) = postSolution
		SolutionGuid = {AFFCB4E0-73BE-47DD-A0C3-382AA9846844}
	EndGlobalSection
EndGlobal
